
Microsoft Visual Studio Solution File, Format Version 12.00
# Visual Studio Version 16
VisualStudioVersion = 16.0.32106.194
MinimumVisualStudioVersion = 10.0.40219.1
Project("{FAE04EC0-301F-11D3-BF4B-00C04F79EFBC}") = "Exercise-number-1", "Exercise-number-1.csproj", "{87C03092-BBF6-46F1-A244-8CBBF1D6B22B}"
EndProject
Global
	GlobalSection(SolutionConfigurationPlatforms) = preSolution
		Debug|Any CPU = Debug|Any CPU
		Release|Any CPU = Release|Any CPU
	EndGlobalSection
	GlobalSection(ProjectConfigurationPlatforms) = postSolution
		{87C03092-BBF6-46F1-A244-8CBBF1D6B22B}.Debug|Any CPU.ActiveCfg = Debug|Any CPU
		{87C03092-BBF6-46F1-A244-8CBBF1D6B22B}.Debug|Any CPU.Build.0 = Debug|Any CPU
		{87C03092-BBF6-46F1-A244-8CBBF1D6B22B}.Release|Any CPU.ActiveCfg = Release|Any CPU
		{87C03092-BBF6-46F1-A244-8CBBF1D6B22B}.Release|Any CPU.Build.0 = Release|Any CPU
	EndGlobalSection
	GlobalSection(SolutionProperties) = preSolution
		HideSolutionNode = FALSE
	EndGlobalSection
	GlobalSection(ExtensibilityGlobals) = postSolution
		SolutionGuid = {A6844F51-8A98-491E-9BA1-F0D223D4BCC2}
	EndGlobalSection
EndGlobal
